PODS:
  - NeuroID (0.0.1)

DEPENDENCIES:
  - NeuroID (from `https://github.com/Neuro-ID/neuroid-ios-sdk.git`)

EXTERNAL SOURCES:
  NeuroID:
    :git: https://github.com/Neuro-ID/neuroid-ios-sdk.git

CHECKOUT OPTIONS:
  NeuroID:
    :commit: 2f09f55184c5cd98fff4585d3559565d0b5e30ea
    :git: https://github.com/Neuro-ID/neuroid-ios-sdk.git

SPEC CHECKSUMS:
  NeuroID: ad1d3c4a5be54512771861ec1081a33fa4dc5fdf

PODFILE CHECKSUM: ad10ac98acfb69017c4c0f177a885803a7ddff24

COCOAPODS: 1.11.2
