PODS:
  - Alamofire (5.6.1)
  - NeuroID (0.0.1):
    - Alamofire

DEPENDENCIES:
  - NeuroID (from `https://github.com/Neuro-ID/neuroid-ios-sdk.git`)

SPEC REPOS:
  trunk:
    - Alamofire

EXTERNAL SOURCES:
  NeuroID:
    :git: https://github.com/Neuro-ID/neuroid-ios-sdk.git

CHECKOUT OPTIONS:
  NeuroID:
    :commit: 9c74a20297b76b75a703da64bf86322ab426bbdf
    :git: https://github.com/Neuro-ID/neuroid-ios-sdk.git

SPEC CHECKSUMS:
  Alamofire: 87bd8c952f9a4454320fce00d9cc3de57bcadaf5
  NeuroID: 8431250712584e7d1209b343c4959d774d97fda3

PODFILE CHECKSUM: 12c91d9b4780b836dc42173ce55e595f6192a0a6

COCOAPODS: 1.11.3
